<Solution>
  <Configurations>
    <Platform Name="x64" />
    <Platform Name="x86" />
  </Configurations>
  <Project Path="Proj/Content/Content.vcxproj" Id="faa8dfdf-b295-46be-9c76-f0a5c8067fa5" />
  <Project Path="Proj/Engine/Engine.vcxproj" Id="246c883e-3b3e-4a05-806b-9ebabd4e38f9" />
</Solution>
